// !$*UTF8*$!
{
	archiveVersion = 1;
	classes = {
	};
	objectVersion = 77;
	objects = {

/* Begin PBXContainerItemProxy section */
		8BA49FE62D7154050028AA71 /* PBXContainerItemProxy */ = {
			isa = PBXContainerItemProxy;
			containerPortal = 8BA49FCB2D7154020028AA71 /* Project object */;
			proxyType = 1;
			remoteGlobalIDString = 8BA49FD22D7154020028AA71;
			remoteInfo = PhotoUtilityApp;
		};
		8BA49FF02D7154050028AA71 /* PBXContainerItemProxy */ = {
			isa = PBXContainerItemProxy;
			containerPortal = 8BA49FCB2D7154020028AA71 /* Project object */;
			proxyType = 1;
			remoteGlobalIDString = 8BA49FD22D7154020028AA71;
			remoteInfo = PhotoUtilityApp;
		};
/* End PBXContainerItemProxy section */

/* Begin PBXFileReference section */
		8BA49FD32D7154020028AA71 /* PhotoUtilityApp.app */ = {isa = PBXFileReference; explicitFileType = wrapper.application; includeInIndex = 0; path = PhotoUtilityApp.app; sourceTree = BUILT_PRODUCTS_DIR; };
		8BA49FE52D7154050028AA71 /* PhotoUtilityAppTests.xctest */ = {isa = PBXFileReference; explicitFileType = wrapper.cfbundle; includeInIndex = 0; path = PhotoUtilityAppTests.xctest; sourceTree = BUILT_PRODUCTS_DIR; };
		8BA49FEF2D7154050028AA71 /* PhotoUtilityAppUITests.xctest */ = {isa = PBXFileReference; explicitFileType = wrapper.cfbundle; includeInIndex = 0; path = PhotoUtilityAppUITests.xctest; sourceTree = BUILT_PRODUCTS_DIR; };
/* End PBXFileReference section */

/* Begin PBXFileSystemSynchronizedRootGroup section */
		8BA49FD52D7154020028AA71 /* PhotoUtilityApp */ = {
			isa = PBXFileSystemSynchronizedRootGroup;
			path = PhotoUtilityApp;
			sourceTree = "<group>";
		};
		8BA49FE82D7154050028AA71 /* PhotoUtilityAppTests */ = {
			isa = PBXFileSystemSynchronizedRootGroup;
			path = PhotoUtilityAppTests;
			sourceTree = "<group>";
		};
		8BA49FF22D7154050028AA71 /* PhotoUtilityAppUITests */ = {
			isa = PBXFileSystemSynchronizedRootGroup;
			path = PhotoUtilityAppUITests;
			sourceTree = "<group>";
		};
/* End PBXFileSystemSynchronizedRootGroup section */

/* Begin PBXFrameworksBuildPhase section */
		8BA49FD02D7154020028AA71 /* Frameworks */ = {
			isa = PBXFrameworksBuildPhase;
			buildActionMask = 2147483647;
			files = (
			);
			runOnlyForDeploymentPostprocessing = 0;
		};
		8BA49FE22D7154050028AA71 /* Frameworks */ = {
			isa = PBXFrameworksBuildPhase;
			buildActionMask = 2147483647;
			files = (
			);
			runOnlyForDeploymentPostprocessing = 0;
		};
		8BA49FEC2D7154050028AA71 /* Frameworks */ = {
			isa = PBXFrameworksBuildPhase;
			buildActionMask = 2147483647;
			files = (
			);
			runOnlyForDeploymentPostprocessing = 0;
		};
/* End PBXFrameworksBuildPhase section */

/* Begin PBXGroup section */
		8BA49FCA2D7154020028AA71 = {
			isa = PBXGroup;
			children = (
				8BA49FD52D7154020028AA71 /* PhotoUtilityApp */,
				8BA49FE82D7154050028AA71 /* PhotoUtilityAppTests */,
				8BA49FF22D7154050028AA71 /* PhotoUtilityAppUITests */,
				8BA49FD42D7154020028AA71 /* Products */,
			);
			sourceTree = "<group>";
		};
		8BA49FD42D7154020028AA71 /* Products */ = {
			isa = PBXGroup;
			children = (
				8BA49FD32D7154020028AA71 /* PhotoUtilityApp.app */,
				8BA49FE52D7154050028AA71 /* PhotoUtilityAppTests.xctest */,
				8BA49FEF2D7154050028AA71 /* PhotoUtilityAppUITests.xctest */,
			);
			name = Products;
			sourceTree = "<group>";
		};
/* End PBXGroup section */

/* Begin PBXNativeTarget section */
		8BA49FD22D7154020028AA71 /* PhotoUtilityApp */ = {
			isa = PBXNativeTarget;
			buildConfigurationList = 8BA49FF92D7154050028AA71 /* Build configuration list for PBXNativeTarget "PhotoUtilityApp" */;
			buildPhases = (
				8BA49FCF2D7154020028AA71 /* Sources */,
				8BA49FD02D7154020028AA71 /* Frameworks */,
				8BA49FD12D7154020028AA71 /* Resources */,
			);
			buildRules = (
			);
			dependencies = (
			);
			fileSystemSynchronizedGroups = (
				8BA49FD52D7154020028AA71 /* PhotoUtilityApp */,
			);
			name = PhotoUtilityApp;
			packageProductDependencies = (
			);
			productName = PhotoUtilityApp;
			productReference = 8BA49FD32D7154020028AA71 /* PhotoUtilityApp.app */;
			productType = "com.apple.product-type.application";
		};
		8BA49FE42D7154050028AA71 /* PhotoUtilityAppTests */ = {
			isa = PBXNativeTarget;
			buildConfigurationList = 8BA49FFC2D7154050028AA71 /* Build configuration list for PBXNativeTarget "PhotoUtilityAppTests" */;
			buildPhases = (
				8BA49FE12D7154050028AA71 /* Sources */,
				8BA49FE22D7154050028AA71 /* Frameworks */,
				8BA49FE32D7154050028AA71 /* Resources */,
			);
			buildRules = (
			);
			dependencies = (
				8BA49FE72D7154050028AA71 /* PBXTargetDependency */,
			);
			fileSystemSynchronizedGroups = (
				8BA49FE82D7154050028AA71 /* PhotoUtilityAppTests */,
			);
			name = PhotoUtilityAppTests;
			packageProductDependencies = (
			);
			productName = PhotoUtilityAppTests;
			productReference = 8BA49FE52D7154050028AA71 /* PhotoUtilityAppTests.xctest */;
			productType = "com.apple.product-type.bundle.unit-test";
		};
		8BA49FEE2D7154050028AA71 /* PhotoUtilityAppUITests */ = {
			isa = PBXNativeTarget;
			buildConfigurationList = 8BA49FFF2D7154050028AA71 /* Build configuration list for PBXNativeTarget "PhotoUtilityAppUITests" */;
			buildPhases = (
				8BA49FEB2D7154050028AA71 /* Sources */,
				8BA49FEC2D7154050028AA71 /* Frameworks */,
				8BA49FED2D7154050028AA71 /* Resources */,
			);
			buildRules = (
			);
			dependencies = (
				8BA49FF12D7154050028AA71 /* PBXTargetDependency */,
			);
			fileSystemSynchronizedGroups = (
				8BA49FF22D7154050028AA71 /* PhotoUtilityAppUITests */,
			);
			name = PhotoUtilityAppUITests;
			packageProductDependencies = (
			);
			productName = PhotoUtilityAppUITests;
			productReference = 8BA49FEF2D7154050028AA71 /* PhotoUtilityAppUITests.xctest */;
			productType = "com.apple.product-type.bundle.ui-testing";
		};
/* End PBXNativeTarget section */

/* Begin PBXProject section */
		8BA49FCB2D7154020028AA71 /* Project object */ = {
			isa = PBXProject;
			attributes = {
				BuildIndependentTargetsInParallel = 1;
				LastSwiftUpdateCheck = 1620;
				LastUpgradeCheck = 1620;
				TargetAttributes = {
					8BA49FD22D7154020028AA71 = {
						CreatedOnToolsVersion = 16.2;
					};
					8BA49FE42D7154050028AA71 = {
						CreatedOnToolsVersion = 16.2;
						TestTargetID = 8BA49FD22D7154020028AA71;
					};
					8BA49FEE2D7154050028AA71 = {
						CreatedOnToolsVersion = 16.2;
						TestTargetID = 8BA49FD22D7154020028AA71;
					};
				};
			};
			buildConfigurationList = 8BA49FCE2D7154020028AA71 /* Build configuration list for PBXProject "PhotoUtilityApp" */;
			developmentRegion = en;
			hasScannedForEncodings = 0;
			knownRegions = (
				en,
				Base,
			);
			mainGroup = 8BA49FCA2D7154020028AA71;
			minimizedProjectReferenceProxies = 1;
			preferredProjectObjectVersion = 77;
			productRefGroup = 8BA49FD42D7154020028AA71 /* Products */;
			projectDirPath = "";
			projectRoot = "";
			targets = (
				8BA49FD22D7154020028AA71 /* PhotoUtilityApp */,
				8BA49FE42D7154050028AA71 /* PhotoUtilityAppTests */,
				8BA49FEE2D7154050028AA71 /* PhotoUtilityAppUITests */,
			);
		};
/* End PBXProject section */

/* Begin PBXResourcesBuildPhase section */
		8BA49FD12D7154020028AA71 /* Resources */ = {
			isa = PBXResourcesBuildPhase;
			buildActionMask = 2147483647;
			files = (
			);
			runOnlyForDeploymentPostprocessing = 0;
		};
		8BA49FE32D7154050028AA71 /* Resources */ = {
			isa = PBXResourcesBuildPhase;
			buildActionMask = 2147483647;
			files = (
			);
			runOnlyForDeploymentPostprocessing = 0;
		};
		8BA49FED2D7154050028AA71 /* Resources */ = {
			isa = PBXResourcesBuildPhase;
			buildActionMask = 2147483647;
			files = (
			);
			runOnlyForDeploymentPostprocessing = 0;
		};
/* End PBXResourcesBuildPhase section */

/* Begin PBXSourcesBuildPhase section */
		8BA49FCF2D7154020028AA71 /* Sources */ = {
			isa = PBXSourcesBuildPhase;
			buildActionMask = 2147483647;
			files = (
			);
			runOnlyForDeploymentPostprocessing = 0;
		};
		8BA49FE12D7154050028AA71 /* Sources */ = {
			isa = PBXSourcesBuildPhase;
			buildActionMask = 2147483647;
			files = (
			);
			runOnlyForDeploymentPostprocessing = 0;
		};
		8BA49FEB2D7154050028AA71 /* Sources */ = {
			isa = PBXSourcesBuildPhase;
			buildActionMask = 2147483647;
			files = (
			);
			runOnlyForDeploymentPostprocessing = 0;
		};
/* End PBXSourcesBuildPhase section */

/* Begin PBXTargetDependency section */
		8BA49FE72D7154050028AA71 /* PBXTargetDependency */ = {
			isa = PBXTargetDependency;
			target = 8BA49FD22D7154020028AA71 /* PhotoUtilityApp */;
			targetProxy = 8BA49FE62D7154050028AA71 /* PBXContainerItemProxy */;
		};
		8BA49FF12D7154050028AA71 /* PBXTargetDependency */ = {
			isa = PBXTargetDependency;
			target = 8BA49FD22D7154020028AA71 /* PhotoUtilityApp */;
			targetProxy = 8BA49FF02D7154050028AA71 /* PBXContainerItemProxy */;
		};
/* End PBXTargetDependency section */

/* Begin XCBuildConfiguration section */
		8BA49FF72D7154050028AA71 /* Debug */ = {
			isa = XCBuildConfiguration;
			buildSettings = {
				ALWAYS_SEARCH_USER_PATHS = NO;
				ASSETCATALOG_COMPILER_GENERATE_SWIFT_ASSET_SYMBOL_EXTENSIONS = YES;
				CLANG_ANALYZER_NONNULL = YES;
				CLANG_ANALYZER_NUMBER_OBJECT_CONVERSION = YES_AGGRESSIVE;
				CLANG_CXX_LANGUAGE_STANDARD = "gnu++20";
				CLANG_ENABLE_MODULES = YES;
				CLANG_ENABLE_OBJC_ARC = YES;
				CLANG_ENABLE_OBJC_WEAK = YES;
				CLANG_WARN_BLOCK_CAPTURE_AUTORELEASING = YES;
				CLANG_WARN_BOOL_CONVERSION = YES;
				CLANG_WARN_COMMA = YES;
				CLANG_WARN_CONSTANT_CONVERSION = YES;
				CLANG_WARN_DEPRECATED_OBJC_IMPLEMENTATIONS = YES;
				CLANG_WARN_DIRECT_OBJC_ISA_USAGE = YES_ERROR;
				CLANG_WARN_DOCUMENTATION_COMMENTS = YES;
				CLANG_WARN_EMPTY_BODY = YES;
				CLANG_WARN_ENUM_CONVERSION = YES;
				CLANG_WARN_INFINITE_RECURSION = YES;
				CLANG_WARN_INT_CONVERSION = YES;
				CLANG_WARN_NON_LITERAL_NULL_CONVERSION = YES;
				CLANG_WARN_OBJC_IMPLICIT_RETAIN_SELF = YES;
				CLANG_WARN_OBJC_LITERAL_CONVERSION = YES;
				CLANG_WARN_OBJC_ROOT_CLASS = YES_ERROR;
				CLANG_WARN_QUOTED_INCLUDE_IN_FRAMEWORK_HEADER = YES;
				CLANG_WARN_RANGE_LOOP_ANALYSIS = YES;
				CLANG_WARN_STRICT_PROTOTYPES = YES;
				CLANG_WARN_SUSPICIOUS_MOVE = YES;
				CLANG_WARN_UNGUARDED_AVAILABILITY = YES_AGGRESSIVE;
				CLANG_WARN_UNREACHABLE_CODE = YES;
				CLANG_WARN__DUPLICATE_METHOD_MATCH = YES;
				COPY_PHASE_STRIP = NO;
				DEBUG_INFORMATION_FORMAT = dwarf;
				ENABLE_STRICT_OBJC_MSGSEND = YES;
				ENABLE_TESTABILITY = YES;
				ENABLE_USER_SCRIPT_SANDBOXING = YES;
				GCC_C_LANGUAGE_STANDARD = gnu17;
				GCC_DYNAMIC_NO_PIC = NO;
				GCC_NO_COMMON_BLOCKS = YES;
				GCC_OPTIMIZATION_LEVEL = 0;
				GCC_PREPROCESSOR_DEFINITIONS = (
					"DEBUG=1",
					"$(inherited)",
				);
				GCC_WARN_64_TO_32_BIT_CONVERSION = YES;
				GCC_WARN_ABOUT_RETURN_TYPE = YES_ERROR;
				GCC_WARN_UNDECLARED_SELECTOR = YES;
				GCC_WARN_UNINITIALIZED_AUTOS = YES_AGGRESSIVE;
				GCC_WARN_UNUSED_FUNCTION = YES;
				GCC_WARN_UNUSED_VARIABLE = YES;
				IPHONEOS_DEPLOYMENT_TARGET = 18.2;
				LOCALIZATION_PREFERS_STRING_CATALOGS = YES;
				MTL_ENABLE_DEBUG_INFO = INCLUDE_SOURCE;
				MTL_FAST_MATH = YES;
				ONLY_ACTIVE_ARCH = YES;
				SDKROOT = iphoneos;
				SWIFT_ACTIVE_COMPILATION_CONDITIONS = "DEBUG $(inherited)";
				SWIFT_OPTIMIZATION_LEVEL = "-Onone";
			};
			name = Debug;
		};
		8BA49FF82D7154050028AA71 /* Release */ = {
			isa = XCBuildConfiguration;
			buildSettings = {
				ALWAYS_SEARCH_USER_PATHS = NO;
				ASSETCATALOG_COMPILER_GENERATE_SWIFT_ASSET_SYMBOL_EXTENSIONS = YES;
				CLANG_ANALYZER_NONNULL = YES;
				CLANG_ANALYZER_NUMBER_OBJECT_CONVERSION = YES_AGGRESSIVE;
				CLANG_CXX_LANGUAGE_STANDARD = "gnu++20";
				CLANG_ENABLE_MODULES = YES;
				CLANG_ENABLE_OBJC_ARC = YES;
				CLANG_ENABLE_OBJC_WEAK = YES;
				CLANG_WARN_BLOCK_CAPTURE_AUTORELEASING = YES;
				CLANG_WARN_BOOL_CONVERSION = YES;
				CLANG_WARN_COMMA = YES;
				CLANG_WARN_CONSTANT_CONVERSION = YES;
				CLANG_WARN_DEPRECATED_OBJC_IMPLEMENTATIONS = YES;
				CLANG_WARN_DIRECT_OBJC_ISA_USAGE = YES_ERROR;
				CLANG_WARN_DOCUMENTATION_COMMENTS = YES;
				CLANG_WARN_EMPTY_BODY = YES;
				CLANG_WARN_ENUM_CONVERSION = YES;
				CLANG_WARN_INFINITE_RECURSION = YES;
				CLANG_WARN_INT_CONVERSION = YES;
				CLANG_WARN_NON_LITERAL_NULL_CONVERSION = YES;
				CLANG_WARN_OBJC_IMPLICIT_RETAIN_SELF = YES;
				CLANG_WARN_OBJC_LITERAL_CONVERSION = YES;
				CLANG_WARN_OBJC_ROOT_CLASS = YES_ERROR;
				CLANG_WARN_QUOTED_INCLUDE_IN_FRAMEWORK_HEADER = YES;
				CLANG_WARN_RANGE_LOOP_ANALYSIS = YES;
				CLANG_WARN_STRICT_PROTOTYPES = YES;
				CLANG_WARN_SUSPICIOUS_MOVE = YES;
				CLANG_WARN_UNGUARDED_AVAILABILITY = YES_AGGRESSIVE;
				CLANG_WARN_UNREACHABLE_CODE = YES;
				CLANG_WARN__DUPLICATE_METHOD_MATCH = YES;
				COPY_PHASE_STRIP = NO;
				DEBUG_INFORMATION_FORMAT = "dwarf-with-dsym";
				ENABLE_NS_ASSERTIONS = NO;
				ENABLE_STRICT_OBJC_MSGSEND = YES;
				ENABLE_USER_SCRIPT_SANDBOXING = YES;
				GCC_C_LANGUAGE_STANDARD = gnu17;
				GCC_NO_COMMON_BLOCKS = YES;
				GCC_WARN_64_TO_32_BIT_CONVERSION = YES;
				GCC_WARN_ABOUT_RETURN_TYPE = YES_ERROR;
				GCC_WARN_UNDECLARED_SELECTOR = YES;
				GCC_WARN_UNINITIALIZED_AUTOS = YES_AGGRESSIVE;
				GCC_WARN_UNUSED_FUNCTION = YES;
				GCC_WARN_UNUSED_VARIABLE = YES;
				IPHONEOS_DEPLOYMENT_TARGET = 18.2;
				LOCALIZATION_PREFERS_STRING_CATALOGS = YES;
				MTL_ENABLE_DEBUG_INFO = NO;
				MTL_FAST_MATH = YES;
				SDKROOT = iphoneos;
				SWIFT_COMPILATION_MODE = wholemodule;
				VALIDATE_PRODUCT = YES;
			};
			name = Release;
		};
		8BA49FFA2D7154050028AA71 /* Debug */ = {
			isa = XCBuildConfiguration;
			buildSettings = {
				ASSETCATALOG_COMPILER_APPICON_NAME = AppIcon;
				ASSETCATALOG_COMPILER_GLOBAL_ACCENT_COLOR_NAME = AccentColor;
				CODE_SIGN_STYLE = Automatic;
				CURRENT_PROJECT_VERSION = 1;
				DEVELOPMENT_ASSET_PATHS = "\"PhotoUtilityApp/Preview Content\"";
				DEVELOPMENT_TEAM = B4DUJ4XAPH;
				ENABLE_PREVIEWS = YES;
				GENERATE_INFOPLIST_FILE = YES;
				INFOPLIST_KEY_UIApplicationSceneManifest_Generation = YES;
				INFOPLIST_KEY_UIApplicationSupportsIndirectInputEvents = YES;
				INFOPLIST_KEY_UILaunchScreen_Generation = YES;
				INFOPLIST_KEY_UISupportedInterfaceOrientations_iPad = "UIInterfaceOrientationPortrait UIInterfaceOrientationPortraitUpsideDown UIInterfaceOrientationLandscapeLeft UIInterfaceOrientationLandscapeRight";
				INFOPLIST_KEY_UISupportedInterfaceOrientations_iPhone = "UIInterfaceOrientationPortrait UIInterfaceOrientationLandscapeLeft UIInterfaceOrientationLandscapeRight";
				LD_RUNPATH_SEARCH_PATHS = (
					"$(inherited)",
					"@executable_path/Frameworks",
				);
				MARKETING_VERSION = 1.0;
				PRODUCT_BUNDLE_IDENTIFIER = havenfricke.PhotoUtilityApp;
				PRODUCT_NAME = "$(TARGET_NAME)";
				SWIFT_EMIT_LOC_STRINGS = YES;
				SWIFT_VERSION = 5.0;
				TARGETED_DEVICE_FAMILY = "1,2";
			};
			name = Debug;
		};
		8BA49FFB2D7154050028AA71 /* Release */ = {
			isa = XCBuildConfiguration;
			buildSettings = {
				ASSETCATALOG_COMPILER_APPICON_NAME = AppIcon;
				ASSETCATALOG_COMPILER_GLOBAL_ACCENT_COLOR_NAME = AccentColor;
				CODE_SIGN_STYLE = Automatic;
				CURRENT_PROJECT_VERSION = 1;
				DEVELOPMENT_ASSET_PATHS = "\"PhotoUtilityApp/Preview Content\"";
				DEVELOPMENT_TEAM = B4DUJ4XAPH;
				ENABLE_PREVIEWS = YES;
				GENERATE_INFOPLIST_FILE = YES;
				INFOPLIST_KEY_UIApplicationSceneManifest_Generation = YES;
				INFOPLIST_KEY_UIApplicationSupportsIndirectInputEvents = YES;
				INFOPLIST_KEY_UILaunchScreen_Generation = YES;
				INFOPLIST_KEY_UISupportedInterfaceOrientations_iPad = "UIInterfaceOrientationPortrait UIInterfaceOrientationPortraitUpsideDown UIInterfaceOrientationLandscapeLeft UIInterfaceOrientationLandscapeRight";
				INFOPLIST_KEY_UISupportedInterfaceOrientations_iPhone = "UIInterfaceOrientationPortrait UIInterfaceOrientationLandscapeLeft UIInterfaceOrientationLandscapeRight";
				LD_RUNPATH_SEARCH_PATHS = (
					"$(inherited)",
					"@executable_path/Frameworks",
				);
				MARKETING_VERSION = 1.0;
				PRODUCT_BUNDLE_IDENTIFIER = havenfricke.PhotoUtilityApp;
				PRODUCT_NAME = "$(TARGET_NAME)";
				SWIFT_EMIT_LOC_STRINGS = YES;
				SWIFT_VERSION = 5.0;
				TARGETED_DEVICE_FAMILY = "1,2";
			};
			name = Release;
		};
		8BA49FFD2D7154050028AA71 /* Debug */ = {
			isa = XCBuildConfiguration;
			buildSettings = {
				BUNDLE_LOADER = "$(TEST_HOST)";
				CODE_SIGN_STYLE = Automatic;
				CURRENT_PROJECT_VERSION = 1;
				DEVELOPMENT_TEAM = B4DUJ4XAPH;
				GENERATE_INFOPLIST_FILE = YES;
				IPHONEOS_DEPLOYMENT_TARGET = 18.2;
				MARKETING_VERSION = 1.0;
				PRODUCT_BUNDLE_IDENTIFIER = havenfricke.PhotoUtilityAppTests;
				PRODUCT_NAME = "$(TARGET_NAME)";
				SWIFT_EMIT_LOC_STRINGS = NO;
				SWIFT_VERSION = 5.0;
				TARGETED_DEVICE_FAMILY = "1,2";
				TEST_HOST = "$(BUILT_PRODUCTS_DIR)/PhotoUtilityApp.app/$(BUNDLE_EXECUTABLE_FOLDER_PATH)/PhotoUtilityApp";
			};
			name = Debug;
		};
		8BA49FFE2D7154050028AA71 /* Release */ = {
			isa = XCBuildConfiguration;
			buildSettings = {
				BUNDLE_LOADER = "$(TEST_HOST)";
				CODE_SIGN_STYLE = Automatic;
				CURRENT_PROJECT_VERSION = 1;
				DEVELOPMENT_TEAM = B4DUJ4XAPH;
				GENERATE_INFOPLIST_FILE = YES;
				IPHONEOS_DEPLOYMENT_TARGET = 18.2;
				MARKETING_VERSION = 1.0;
				PRODUCT_BUNDLE_IDENTIFIER = havenfricke.PhotoUtilityAppTests;
				PRODUCT_NAME = "$(TARGET_NAME)";
				SWIFT_EMIT_LOC_STRINGS = NO;
				SWIFT_VERSION = 5.0;
				TARGETED_DEVICE_FAMILY = "1,2";
				TEST_HOST = "$(BUILT_PRODUCTS_DIR)/PhotoUtilityApp.app/$(BUNDLE_EXECUTABLE_FOLDER_PATH)/PhotoUtilityApp";
			};
			name = Release;
		};
		8BA4A0002D7154050028AA71 /* Debug */ = {
			isa = XCBuildConfiguration;
			buildSettings = {
				CODE_SIGN_STYLE = Automatic;
				CURRENT_PROJECT_VERSION = 1;
				DEVELOPMENT_TEAM = B4DUJ4XAPH;
				GENERATE_INFOPLIST_FILE = YES;
				MARKETING_VERSION = 1.0;
				PRODUCT_BUNDLE_IDENTIFIER = havenfricke.PhotoUtilityAppUITests;
				PRODUCT_NAME = "$(TARGET_NAME)";
				SWIFT_EMIT_LOC_STRINGS = NO;
				SWIFT_VERSION = 5.0;
				TARGETED_DEVICE_FAMILY = "1,2";
				TEST_TARGET_NAME = PhotoUtilityApp;
			};
			name = Debug;
		};
		8BA4A0012D7154050028AA71 /* Release */ = {
			isa = XCBuildConfiguration;
			buildSettings = {
				CODE_SIGN_STYLE = Automatic;
				CURRENT_PROJECT_VERSION = 1;
				DEVELOPMENT_TEAM = B4DUJ4XAPH;
				GENERATE_INFOPLIST_FILE = YES;
				MARKETING_VERSION = 1.0;
				PRODUCT_BUNDLE_IDENTIFIER = havenfricke.PhotoUtilityAppUITests;
				PRODUCT_NAME = "$(TARGET_NAME)";
				SWIFT_EMIT_LOC_STRINGS = NO;
				SWIFT_VERSION = 5.0;
				TARGETED_DEVICE_FAMILY = "1,2";
				TEST_TARGET_NAME = PhotoUtilityApp;
			};
			name = Release;
		};
/* End XCBuildConfiguration section */

/* Begin XCConfigurationList section */
		8BA49FCE2D7154020028AA71 /* Build configuration list for PBXProject "PhotoUtilityApp" */ = {
			isa = XCConfigurationList;
			buildConfigurations = (
				8BA49FF72D7154050028AA71 /* Debug */,
				8BA49FF82D7154050028AA71 /* Release */,
			);
			defaultConfigurationIsVisible = 0;
			defaultConfigurationName = Release;
		};
		8BA49FF92D7154050028AA71 /* Build configuration list for PBXNativeTarget "PhotoUtilityApp" */ = {
			isa = XCConfigurationList;
			buildConfigurations = (
				8BA49FFA2D7154050028AA71 /* Debug */,
				8BA49FFB2D7154050028AA71 /* Release */,
			);
			defaultConfigurationIsVisible = 0;
			defaultConfigurationName = Release;
		};
		8BA49FFC2D7154050028AA71 /* Build configuration list for PBXNativeTarget "PhotoUtilityAppTests" */ = {
			isa = XCConfigurationList;
			buildConfigurations = (
				8BA49FFD2D7154050028AA71 /* Debug */,
				8BA49FFE2D7154050028AA71 /* Release */,
			);
			defaultConfigurationIsVisible = 0;
			defaultConfigurationName = Release;
		};
		8BA49FFF2D7154050028AA71 /* Build configuration list for PBXNativeTarget "PhotoUtilityAppUITests" */ = {
			isa = XCConfigurationList;
			buildConfigurations = (
				8BA4A0002D7154050028AA71 /* Debug */,
				8BA4A0012D7154050028AA71 /* Release */,
			);
			defaultConfigurationIsVisible = 0;
			defaultConfigurationName = Release;
		};
/* End XCConfigurationList section */
	};
	rootObject = 8BA49FCB2D7154020028AA71 /* Project object */;
}
